
Microsoft Visual Studio Solution File, Format Version 12.00
# Visual Studio Version 16
VisualStudioVersion = 16.0.30114.105
MinimumVisualStudioVersion = 10.0.40219.1
Project("{FAE04EC0-301F-11D3-BF4B-00C04F79EFBC}") = "UniversityApiBackend", "MyApp\UniversityApiBackend.csproj", "{44549D5F-4605-4326-9E93-B45A1F9CD257}"
EndProject
Project("{FAE04EC0-301F-11D3-BF4B-00C04F79EFBC}") = "LinqSnippets", "LinqSnippets\LinqSnippets.csproj", "{7106124A-6141-45F3-BE28-82BDA356CCA9}"
EndProject
Global
	GlobalSection(SolutionConfigurationPlatforms) = preSolution
		Debug|Any CPU = Debug|Any CPU
		Release|Any CPU = Release|Any CPU
	EndGlobalSection
	GlobalSection(SolutionProperties) = preSolution
		HideSolutionNode = FALSE
	EndGlobalSection
	GlobalSection(ProjectConfigurationPlatforms) = postSolution
		{44549D5F-4605-4326-9E93-B45A1F9CD257}.Debug|Any CPU.ActiveCfg = Debug|Any CPU
		{44549D5F-4605-4326-9E93-B45A1F9CD257}.Debug|Any CPU.Build.0 = Debug|Any CPU
		{44549D5F-4605-4326-9E93-B45A1F9CD257}.Release|Any CPU.ActiveCfg = Release|Any CPU
		{44549D5F-4605-4326-9E93-B45A1F9CD257}.Release|Any CPU.Build.0 = Release|Any CPU
		{7106124A-6141-45F3-BE28-82BDA356CCA9}.Debug|Any CPU.ActiveCfg = Debug|Any CPU
		{7106124A-6141-45F3-BE28-82BDA356CCA9}.Debug|Any CPU.Build.0 = Debug|Any CPU
		{7106124A-6141-45F3-BE28-82BDA356CCA9}.Release|Any CPU.ActiveCfg = Release|Any CPU
		{7106124A-6141-45F3-BE28-82BDA356CCA9}.Release|Any CPU.Build.0 = Release|Any CPU
	EndGlobalSection
EndGlobal
